
Microsoft Visual Studio Solution File, Format Version 12.00
# Visual Studio Version 16
VisualStudioVersion = 16.0.31613.86
MinimumVisualStudioVersion = 10.0.40219.1
Project("{9A19103F-16F7-4668-BE54-9A1E7A4F7556}") = "T1Practica.clases", "T1Practica.class\T1Practica.clases.csproj", "{5B419678-C5C3-4794-B2BA-BE9D354BBFC1}"
EndProject
Project("{9A19103F-16F7-4668-BE54-9A1E7A4F7556}") = "T1Practica.Test", "T1Practica.Test\T1Practica.Test.csproj", "{4A6453D4-A5B6-4E52-9397-F695140BE3FC}"
EndProject
Global
	GlobalSection(SolutionConfigurationPlatforms) = preSolution
		Debug|Any CPU = Debug|Any CPU
		Release|Any CPU = Release|Any CPU
	EndGlobalSection
	GlobalSection(ProjectConfigurationPlatforms) = postSolution
		{5B419678-C5C3-4794-B2BA-BE9D354BBFC1}.Debug|Any CPU.ActiveCfg = Debug|Any CPU
		{5B419678-C5C3-4794-B2BA-BE9D354BBFC1}.Debug|Any CPU.Build.0 = Debug|Any CPU
		{5B419678-C5C3-4794-B2BA-BE9D354BBFC1}.Release|Any CPU.ActiveCfg = Release|Any CPU
		{5B419678-C5C3-4794-B2BA-BE9D354BBFC1}.Release|Any CPU.Build.0 = Release|Any CPU
		{4A6453D4-A5B6-4E52-9397-F695140BE3FC}.Debug|Any CPU.ActiveCfg = Debug|Any CPU
		{4A6453D4-A5B6-4E52-9397-F695140BE3FC}.Debug|Any CPU.Build.0 = Debug|Any CPU
		{4A6453D4-A5B6-4E52-9397-F695140BE3FC}.Release|Any CPU.ActiveCfg = Release|Any CPU
		{4A6453D4-A5B6-4E52-9397-F695140BE3FC}.Release|Any CPU.Build.0 = Release|Any CPU
	EndGlobalSection
	GlobalSection(SolutionProperties) = preSolution
		HideSolutionNode = FALSE
	EndGlobalSection
	GlobalSection(ExtensibilityGlobals) = postSolution
		SolutionGuid = {E5B7E056-C58E-4B64-947D-719BB9FC6624}
	EndGlobalSection
EndGlobal
